
Microsoft Visual Studio Solution File, Format Version 12.00
Project("{FAE04EC0-301F-11D3-BF4B-00C04F79EFBC}") = "AuctionService", "src\AuctionService\AuctionService.csproj", "{242F01DD-41CA-4150-8E29-1673BF18DA08}"
EndProject
Project("{2150E333-8FDC-42A3-9474-1A3956D46DE8}") = "Solution Items", "Solution Items", "{E9909BC3-CF2B-458B-A94B-24BDF6FC401A}"
	ProjectSection(SolutionItems) = preProject
		docker-compose.yml = docker-compose.yml
	EndProjectSection
EndProject
Project("{FAE04EC0-301F-11D3-BF4B-00C04F79EFBC}") = "SearchService", "src\SearchService\SearchService.csproj", "{615EEBC8-8238-469E-8E6A-19C96FE489E8}"
EndProject
Project("{FAE04EC0-301F-11D3-BF4B-00C04F79EFBC}") = "Contracts", "src\Contracts\Contracts.csproj", "{3C1E4BA0-027B-4C44-B7E4-AA737A0DCA57}"
EndProject
Global
	GlobalSection(SolutionConfigurationPlatforms) = preSolution
		Debug|Any CPU = Debug|Any CPU
		Release|Any CPU = Release|Any CPU
	EndGlobalSection
	GlobalSection(ProjectConfigurationPlatforms) = postSolution
		{242F01DD-41CA-4150-8E29-1673BF18DA08}.Debug|Any CPU.ActiveCfg = Debug|Any CPU
		{242F01DD-41CA-4150-8E29-1673BF18DA08}.Debug|Any CPU.Build.0 = Debug|Any CPU
		{242F01DD-41CA-4150-8E29-1673BF18DA08}.Release|Any CPU.ActiveCfg = Release|Any CPU
		{242F01DD-41CA-4150-8E29-1673BF18DA08}.Release|Any CPU.Build.0 = Release|Any CPU
		{615EEBC8-8238-469E-8E6A-19C96FE489E8}.Debug|Any CPU.ActiveCfg = Debug|Any CPU
		{615EEBC8-8238-469E-8E6A-19C96FE489E8}.Debug|Any CPU.Build.0 = Debug|Any CPU
		{615EEBC8-8238-469E-8E6A-19C96FE489E8}.Release|Any CPU.ActiveCfg = Release|Any CPU
		{615EEBC8-8238-469E-8E6A-19C96FE489E8}.Release|Any CPU.Build.0 = Release|Any CPU
		{3C1E4BA0-027B-4C44-B7E4-AA737A0DCA57}.Debug|Any CPU.ActiveCfg = Debug|Any CPU
		{3C1E4BA0-027B-4C44-B7E4-AA737A0DCA57}.Debug|Any CPU.Build.0 = Debug|Any CPU
		{3C1E4BA0-027B-4C44-B7E4-AA737A0DCA57}.Release|Any CPU.ActiveCfg = Release|Any CPU
		{3C1E4BA0-027B-4C44-B7E4-AA737A0DCA57}.Release|Any CPU.Build.0 = Release|Any CPU
	EndGlobalSection
EndGlobal
